// !$*UTF8*$!
{
	archiveVersion = 1;
	classes = {
	};
	objectVersion = 50;
	objects = {

/* Begin PBXBuildFile section */
		DDCC25B623929D350029E3FC /* AppDelegate.swift in Sources */ = {isa = PBXBuildFile; fileRef = DDCC25B523929D350029E3FC /* AppDelegate.swift */; };
		DDCC25B823929D350029E3FC /* SceneDelegate.swift in Sources */ = {isa = PBXBuildFile; fileRef = DDCC25B723929D350029E3FC /* SceneDelegate.swift */; };
		DDCC25BA23929D350029E3FC /* ViewController.swift in Sources */ = {isa = PBXBuildFile; fileRef = DDCC25B923929D350029E3FC /* ViewController.swift */; };
		DDCC25BD23929D350029E3FC /* Main.storyboard in Resources */ = {isa = PBXBuildFile; fileRef = DDCC25BB23929D350029E3FC /* Main.storyboard */; };
		DDCC25BF23929D360029E3FC /* Assets.xcassets in Resources */ = {isa = PBXBuildFile; fileRef = DDCC25BE23929D360029E3FC /* Assets.xcassets */; };
		DDCC25C223929D360029E3FC /* LaunchScreen.storyboard in Resources */ = {isa = PBXBuildFile; fileRef = DDCC25C023929D360029E3FC /* LaunchScreen.storyboard */; };
/* End PBXBuildFile section */

/* Begin PBXFileReference section */
		DDCC25B223929D350029E3FC /* Project 27. Core Graphics.app */ = {isa = PBXFileReference; explicitFileType = wrapper.application; includeInIndex = 0; path = "Project 27. Core Graphics.app"; sourceTree = BUILT_PRODUCTS_DIR; };
		DDCC25B523929D350029E3FC /* AppDelegate.swift */ = {isa = PBXFileReference; lastKnownFileType = sourcecode.swift; path = AppDelegate.swift; sourceTree = "<group>"; };
		DDCC25B723929D350029E3FC /* SceneDelegate.swift */ = {isa = PBXFileReference; lastKnownFileType = sourcecode.swift; path = SceneDelegate.swift; sourceTree = "<group>"; };
		DDCC25B923929D350029E3FC /* ViewController.swift */ = {isa = PBXFileReference; lastKnownFileType = sourcecode.swift; path = ViewController.swift; sourceTree = "<group>"; };
		DDCC25BC23929D350029E3FC /* Base */ = {isa = PBXFileReference; lastKnownFileType = file.storyboard; name = Base; path = Base.lproj/Main.storyboard; sourceTree = "<group>"; };
		DDCC25BE23929D360029E3FC /* Assets.xcassets */ = {isa = PBXFileReference; lastKnownFileType = folder.assetcatalog; path = Assets.xcassets; sourceTree = "<group>"; };
		DDCC25C123929D360029E3FC /* Base */ = {isa = PBXFileReference; lastKnownFileType = file.storyboard; name = Base; path = Base.lproj/LaunchScreen.storyboard; sourceTree = "<group>"; };
		DDCC25C323929D360029E3FC /* Info.plist */ = {isa = PBXFileReference; lastKnownFileType = text.plist.xml; path = Info.plist; sourceTree = "<group>"; };
/* End PBXFileReference section */

/* Begin PBXFrameworksBuildPhase section */
		DDCC25AF23929D350029E3FC /* Frameworks */ = {
			isa = PBXFrameworksBuildPhase;
			buildActionMask = 2147483647;
			files = (
			);
			runOnlyForDeploymentPostprocessing = 0;
		};
/* End PBXFrameworksBuildPhase section */

/* Begin PBXGroup section */
		DDCC25A923929D350029E3FC = {
			isa = PBXGroup;
			children = (
				DDCC25B423929D350029E3FC /* Project 27. Core Graphics */,
				DDCC25B323929D350029E3FC /* Products */,
			);
			sourceTree = "<group>";
		};
		DDCC25B323929D350029E3FC /* Products */ = {
			isa = PBXGroup;
			children = (
				DDCC25B223929D350029E3FC /* Project 27. Core Graphics.app */,
			);
			name = Products;
			sourceTree = "<group>";
		};
		DDCC25B423929D350029E3FC /* Project 27. Core Graphics */ = {
			isa = PBXGroup;
			children = (
				DDCC25B523929D350029E3FC /* AppDelegate.swift */,
				DDCC25B723929D350029E3FC /* SceneDelegate.swift */,
				DDCC25B923929D350029E3FC /* ViewController.swift */,
				DDCC25BB23929D350029E3FC /* Main.storyboard */,
				DDCC25BE23929D360029E3FC /* Assets.xcassets */,
				DDCC25C023929D360029E3FC /* LaunchScreen.storyboard */,
				DDCC25C323929D360029E3FC /* Info.plist */,
			);
			path = "Project 27. Core Graphics";
			sourceTree = "<group>";
		};
/* End PBXGroup section */

/* Begin PBXNativeTarget section */
		DDCC25B123929D350029E3FC /* Project 27. Core Graphics */ = {
			isa = PBXNativeTarget;
			buildConfigurationList = DDCC25C623929D360029E3FC /* Build configuration list for PBXNativeTarget "Project 27. Core Graphics" */;
			buildPhases = (
				DDCC25AE23929D350029E3FC /* Sources */,
				DDCC25AF23929D350029E3FC /* Frameworks */,
				DDCC25B023929D350029E3FC /* Resources */,
			);
			buildRules = (
			);
			dependencies = (
			);
			name = "Project 27. Core Graphics";
			productName = "task27.Core Graphics";
			productReference = DDCC25B223929D350029E3FC /* Project 27. Core Graphics.app */;
			productType = "com.apple.product-type.application";
		};
/* End PBXNativeTarget section */

/* Begin PBXProject section */
		DDCC25AA23929D350029E3FC /* Project object */ = {
			isa = PBXProject;
			attributes = {
				LastSwiftUpdateCheck = 1120;
				LastUpgradeCheck = 1120;
				ORGANIZATIONNAME = "Eugene Ilyin";
				TargetAttributes = {
					DDCC25B123929D350029E3FC = {
						CreatedOnToolsVersion = 11.2.1;
					};
				};
			};
			buildConfigurationList = DDCC25AD23929D350029E3FC /* Build configuration list for PBXProject "Project 27. Core Graphics" */;
			compatibilityVersion = "Xcode 9.3";
			developmentRegion = en;
			hasScannedForEncodings = 0;
			knownRegions = (
				en,
				Base,
			);
			mainGroup = DDCC25A923929D350029E3FC;
			productRefGroup = DDCC25B323929D350029E3FC /* Products */;
			projectDirPath = "";
			projectRoot = "";
			targets = (
				DDCC25B123929D350029E3FC /* Project 27. Core Graphics */,
			);
		};
/* End PBXProject section */

/* Begin PBXResourcesBuildPhase section */
		DDCC25B023929D350029E3FC /* Resources */ = {
			isa = PBXResourcesBuildPhase;
			buildActionMask = 2147483647;
			files = (
				DDCC25C223929D360029E3FC /* LaunchScreen.storyboard in Resources */,
				DDCC25BF23929D360029E3FC /* Assets.xcassets in Resources */,
				DDCC25BD23929D350029E3FC /* Main.storyboard in Resources */,
			);
			runOnlyForDeploymentPostprocessing = 0;
		};
/* End PBXResourcesBuildPhase section */

/* Begin PBXSourcesBuildPhase section */
		DDCC25AE23929D350029E3FC /* Sources */ = {
			isa = PBXSourcesBuildPhase;
			buildActionMask = 2147483647;
			files = (
				DDCC25BA23929D350029E3FC /* ViewController.swift in Sources */,
				DDCC25B623929D350029E3FC /* AppDelegate.swift in Sources */,
				DDCC25B823929D350029E3FC /* SceneDelegate.swift in Sources */,
			);
			runOnlyForDeploymentPostprocessing = 0;
		};
/* End PBXSourcesBuildPhase section */

/* Begin PBXVariantGroup section */
		DDCC25BB23929D350029E3FC /* Main.storyboard */ = {
			isa = PBXVariantGroup;
			children = (
				DDCC25BC23929D350029E3FC /* Base */,
			);
			name = Main.storyboard;
			sourceTree = "<group>";
		};
		DDCC25C023929D360029E3FC /* LaunchScreen.storyboard */ = {
			isa = PBXVariantGroup;
			children = (
				DDCC25C123929D360029E3FC /* Base */,
			);
			name = LaunchScreen.storyboard;
			sourceTree = "<group>";
		};
/* End PBXVariantGroup section */

/* Begin XCBuildConfiguration section */
		DDCC25C423929D360029E3FC /* Debug */ = {
			isa = XCBuildConfiguration;
			buildSettings = {
				ALWAYS_SEARCH_USER_PATHS = NO;
				CLANG_ANALYZER_NONNULL = YES;
				CLANG_ANALYZER_NUMBER_OBJECT_CONVERSION = YES_AGGRESSIVE;
				CLANG_CXX_LANGUAGE_STANDARD = "gnu++14";
				CLANG_CXX_LIBRARY = "libc++";
				CLANG_ENABLE_MODULES = YES;
				CLANG_ENABLE_OBJC_ARC = YES;
				CLANG_ENABLE_OBJC_WEAK = YES;
				CLANG_WARN_BLOCK_CAPTURE_AUTORELEASING = YES;
				CLANG_WARN_BOOL_CONVERSION = YES;
				CLANG_WARN_COMMA = YES;
				CLANG_WARN_CONSTANT_CONVERSION = YES;
				CLANG_WARN_DEPRECATED_OBJC_IMPLEMENTATIONS = YES;
				CLANG_WARN_DIRECT_OBJC_ISA_USAGE = YES_ERROR;
				CLANG_WARN_DOCUMENTATION_COMMENTS = YES;
				CLANG_WARN_EMPTY_BODY = YES;
				CLANG_WARN_ENUM_CONVERSION = YES;
				CLANG_WARN_INFINITE_RECURSION = YES;
				CLANG_WARN_INT_CONVERSION = YES;
				CLANG_WARN_NON_LITERAL_NULL_CONVERSION = YES;
				CLANG_WARN_OBJC_IMPLICIT_RETAIN_SELF = YES;
				CLANG_WARN_OBJC_LITERAL_CONVERSION = YES;
				CLANG_WARN_OBJC_ROOT_CLASS = YES_ERROR;
				CLANG_WARN_RANGE_LOOP_ANALYSIS = YES;
				CLANG_WARN_STRICT_PROTOTYPES = YES;
				CLANG_WARN_SUSPICIOUS_MOVE = YES;
				CLANG_WARN_UNGUARDED_AVAILABILITY = YES_AGGRESSIVE;
				CLANG_WARN_UNREACHABLE_CODE = YES;
				CLANG_WARN__DUPLICATE_METHOD_MATCH = YES;
				COPY_PHASE_STRIP = NO;
				DEBUG_INFORMATION_FORMAT = dwarf;
				ENABLE_STRICT_OBJC_MSGSEND = YES;
				ENABLE_TESTABILITY = YES;
				GCC_C_LANGUAGE_STANDARD = gnu11;
				GCC_DYNAMIC_NO_PIC = NO;
				GCC_NO_COMMON_BLOCKS = YES;
				GCC_OPTIMIZATION_LEVEL = 0;
				GCC_PREPROCESSOR_DEFINITIONS = (
					"DEBUG=1",
					"$(inherited)",
				);
				GCC_WARN_64_TO_32_BIT_CONVERSION = YES;
				GCC_WARN_ABOUT_RETURN_TYPE = YES_ERROR;
				GCC_WARN_UNDECLARED_SELECTOR = YES;
				GCC_WARN_UNINITIALIZED_AUTOS = YES_AGGRESSIVE;
				GCC_WARN_UNUSED_FUNCTION = YES;
				GCC_WARN_UNUSED_VARIABLE = YES;
				IPHONEOS_DEPLOYMENT_TARGET = 13.2;
				MTL_ENABLE_DEBUG_INFO = INCLUDE_SOURCE;
				MTL_FAST_MATH = YES;
				ONLY_ACTIVE_ARCH = YES;
				SDKROOT = iphoneos;
				SWIFT_ACTIVE_COMPILATION_CONDITIONS = DEBUG;
				SWIFT_OPTIMIZATION_LEVEL = "-Onone";
			};
			name = Debug;
		};
		DDCC25C523929D360029E3FC /* Release */ = {
			isa = XCBuildConfiguration;
			buildSettings = {
				ALWAYS_SEARCH_USER_PATHS = NO;
				CLANG_ANALYZER_NONNULL = YES;
				CLANG_ANALYZER_NUMBER_OBJECT_CONVERSION = YES_AGGRESSIVE;
				CLANG_CXX_LANGUAGE_STANDARD = "gnu++14";
				CLANG_CXX_LIBRARY = "libc++";
				CLANG_ENABLE_MODULES = YES;
				CLANG_ENABLE_OBJC_ARC = YES;
				CLANG_ENABLE_OBJC_WEAK = YES;
				CLANG_WARN_BLOCK_CAPTURE_AUTORELEASING = YES;
				CLANG_WARN_BOOL_CONVERSION = YES;
				CLANG_WARN_COMMA = YES;
				CLANG_WARN_CONSTANT_CONVERSION = YES;
				CLANG_WARN_DEPRECATED_OBJC_IMPLEMENTATIONS = YES;
				CLANG_WARN_DIRECT_OBJC_ISA_USAGE = YES_ERROR;
				CLANG_WARN_DOCUMENTATION_COMMENTS = YES;
				CLANG_WARN_EMPTY_BODY = YES;
				CLANG_WARN_ENUM_CONVERSION = YES;
				CLANG_WARN_INFINITE_RECURSION = YES;
				CLANG_WARN_INT_CONVERSION = YES;
				CLANG_WARN_NON_LITERAL_NULL_CONVERSION = YES;
				CLANG_WARN_OBJC_IMPLICIT_RETAIN_SELF = YES;
				CLANG_WARN_OBJC_LITERAL_CONVERSION = YES;
				CLANG_WARN_OBJC_ROOT_CLASS = YES_ERROR;
				CLANG_WARN_RANGE_LOOP_ANALYSIS = YES;
				CLANG_WARN_STRICT_PROTOTYPES = YES;
				CLANG_WARN_SUSPICIOUS_MOVE = YES;
				CLANG_WARN_UNGUARDED_AVAILABILITY = YES_AGGRESSIVE;
				CLANG_WARN_UNREACHABLE_CODE = YES;
				CLANG_WARN__DUPLICATE_METHOD_MATCH = YES;
				COPY_PHASE_STRIP = NO;
				DEBUG_INFORMATION_FORMAT = "dwarf-with-dsym";
				ENABLE_NS_ASSERTIONS = NO;
				ENABLE_STRICT_OBJC_MSGSEND = YES;
				GCC_C_LANGUAGE_STANDARD = gnu11;
				GCC_NO_COMMON_BLOCKS = YES;
				GCC_WARN_64_TO_32_BIT_CONVERSION = YES;
				GCC_WARN_ABOUT_RETURN_TYPE = YES_ERROR;
				GCC_WARN_UNDECLARED_SELECTOR = YES;
				GCC_WARN_UNINITIALIZED_AUTOS = YES_AGGRESSIVE;
				GCC_WARN_UNUSED_FUNCTION = YES;
				GCC_WARN_UNUSED_VARIABLE = YES;
				IPHONEOS_DEPLOYMENT_TARGET = 13.2;
				MTL_ENABLE_DEBUG_INFO = NO;
				MTL_FAST_MATH = YES;
				SDKROOT = iphoneos;
				SWIFT_COMPILATION_MODE = wholemodule;
				SWIFT_OPTIMIZATION_LEVEL = "-O";
				VALIDATE_PRODUCT = YES;
			};
			name = Release;
		};
		DDCC25C723929D360029E3FC /* Debug */ = {
			isa = XCBuildConfiguration;
			buildSettings = {
				ASSETCATALOG_COMPILER_APPICON_NAME = AppIcon;
				CODE_SIGN_STYLE = Automatic;
				DEVELOPMENT_TEAM = QZTJ8W8QRE;
				INFOPLIST_FILE = "$(SRCROOT)/Project 27. Core Graphics/Info.plist";
				LD_RUNPATH_SEARCH_PATHS = (
					"$(inherited)",
					"@executable_path/Frameworks",
				);
				PRODUCT_BUNDLE_IDENTIFIER = "un0dvend1g.Project-27.-Core-Graphics";
				PRODUCT_NAME = "Project 27. Core Graphics";
				SWIFT_VERSION = 5.0;
				TARGETED_DEVICE_FAMILY = 2;
			};
			name = Debug;
		};
		DDCC25C823929D360029E3FC /* Release */ = {
			isa = XCBuildConfiguration;
			buildSettings = {
				ASSETCATALOG_COMPILER_APPICON_NAME = AppIcon;
				CODE_SIGN_STYLE = Automatic;
				DEVELOPMENT_TEAM = QZTJ8W8QRE;
				INFOPLIST_FILE = "$(SRCROOT)/Project 27. Core Graphics/Info.plist";
				LD_RUNPATH_SEARCH_PATHS = (
					"$(inherited)",
					"@executable_path/Frameworks",
				);
				PRODUCT_BUNDLE_IDENTIFIER = "un0dvend1g.Project-27.-Core-Graphics";
				PRODUCT_NAME = "Project 27. Core Graphics";
				SWIFT_VERSION = 5.0;
				TARGETED_DEVICE_FAMILY = 2;
			};
			name = Release;
		};
/* End XCBuildConfiguration section */

/* Begin XCConfigurationList section */
		DDCC25AD23929D350029E3FC /* Build configuration list for PBXProject "Project 27. Core Graphics" */ = {
			isa = XCConfigurationList;
			buildConfigurations = (
				DDCC25C423929D360029E3FC /* Debug */,
				DDCC25C523929D360029E3FC /* Release */,
			);
			defaultConfigurationIsVisible = 0;
			defaultConfigurationName = Release;
		};
		DDCC25C623929D360029E3FC /* Build configuration list for PBXNativeTarget "Project 27. Core Graphics" */ = {
			isa = XCConfigurationList;
			buildConfigurations = (
				DDCC25C723929D360029E3FC /* Debug */,
				DDCC25C823929D360029E3FC /* Release */,
			);
			defaultConfigurationIsVisible = 0;
			defaultConfigurationName = Release;
		};
/* End XCConfigurationList section */
	};
	rootObject = DDCC25AA23929D350029E3FC /* Project object */;
}
