// !$*UTF8*$!
{
	archiveVersion = 1;
	classes = {
	};
	objectVersion = 50;
	objects = {

/* Begin PBXBuildFile section */
		DD587A8F238AB1BE00BE0E30 /* AppDelegate.swift in Sources */ = {isa = PBXBuildFile; fileRef = DD587A8E238AB1BE00BE0E30 /* AppDelegate.swift */; };
		DD587A91238AB1BE00BE0E30 /* SceneDelegate.swift in Sources */ = {isa = PBXBuildFile; fileRef = DD587A90238AB1BE00BE0E30 /* SceneDelegate.swift */; };
		DD587A93238AB1BE00BE0E30 /* ViewController.swift in Sources */ = {isa = PBXBuildFile; fileRef = DD587A92238AB1BE00BE0E30 /* ViewController.swift */; };
		DD587A96238AB1BE00BE0E30 /* Main.storyboard in Resources */ = {isa = PBXBuildFile; fileRef = DD587A94238AB1BE00BE0E30 /* Main.storyboard */; };
		DD587A98238AB1BF00BE0E30 /* Assets.xcassets in Resources */ = {isa = PBXBuildFile; fileRef = DD587A97238AB1BF00BE0E30 /* Assets.xcassets */; };
		DD587A9B238AB1BF00BE0E30 /* LaunchScreen.storyboard in Resources */ = {isa = PBXBuildFile; fileRef = DD587A99238AB1BF00BE0E30 /* LaunchScreen.storyboard */; };
/* End PBXBuildFile section */

/* Begin PBXFileReference section */
		DD587A8B238AB1BE00BE0E30 /* Project 22. Detect-a-Beacon.app */ = {isa = PBXFileReference; explicitFileType = wrapper.application; includeInIndex = 0; path = "Project 22. Detect-a-Beacon.app"; sourceTree = BUILT_PRODUCTS_DIR; };
		DD587A8E238AB1BE00BE0E30 /* AppDelegate.swift */ = {isa = PBXFileReference; lastKnownFileType = sourcecode.swift; path = AppDelegate.swift; sourceTree = "<group>"; };
		DD587A90238AB1BE00BE0E30 /* SceneDelegate.swift */ = {isa = PBXFileReference; lastKnownFileType = sourcecode.swift; path = SceneDelegate.swift; sourceTree = "<group>"; };
		DD587A92238AB1BE00BE0E30 /* ViewController.swift */ = {isa = PBXFileReference; lastKnownFileType = sourcecode.swift; path = ViewController.swift; sourceTree = "<group>"; };
		DD587A95238AB1BE00BE0E30 /* Base */ = {isa = PBXFileReference; lastKnownFileType = file.storyboard; name = Base; path = Base.lproj/Main.storyboard; sourceTree = "<group>"; };
		DD587A97238AB1BF00BE0E30 /* Assets.xcassets */ = {isa = PBXFileReference; lastKnownFileType = folder.assetcatalog; path = Assets.xcassets; sourceTree = "<group>"; };
		DD587A9A238AB1BF00BE0E30 /* Base */ = {isa = PBXFileReference; lastKnownFileType = file.storyboard; name = Base; path = Base.lproj/LaunchScreen.storyboard; sourceTree = "<group>"; };
		DD587A9C238AB1BF00BE0E30 /* Info.plist */ = {isa = PBXFileReference; lastKnownFileType = text.plist.xml; path = Info.plist; sourceTree = "<group>"; };
/* End PBXFileReference section */

/* Begin PBXFrameworksBuildPhase section */
		DD587A88238AB1BE00BE0E30 /* Frameworks */ = {
			isa = PBXFrameworksBuildPhase;
			buildActionMask = 2147483647;
			files = (
			);
			runOnlyForDeploymentPostprocessing = 0;
		};
/* End PBXFrameworksBuildPhase section */

/* Begin PBXGroup section */
		DD587A82238AB1BE00BE0E30 = {
			isa = PBXGroup;
			children = (
				DD587A8D238AB1BE00BE0E30 /* Project 22. Detect-a-Beacon */,
				DD587A8C238AB1BE00BE0E30 /* Products */,
			);
			sourceTree = "<group>";
		};
		DD587A8C238AB1BE00BE0E30 /* Products */ = {
			isa = PBXGroup;
			children = (
				DD587A8B238AB1BE00BE0E30 /* Project 22. Detect-a-Beacon.app */,
			);
			name = Products;
			sourceTree = "<group>";
		};
		DD587A8D238AB1BE00BE0E30 /* Project 22. Detect-a-Beacon */ = {
			isa = PBXGroup;
			children = (
				DD587A8E238AB1BE00BE0E30 /* AppDelegate.swift */,
				DD587A90238AB1BE00BE0E30 /* SceneDelegate.swift */,
				DD587A92238AB1BE00BE0E30 /* ViewController.swift */,
				DD587A94238AB1BE00BE0E30 /* Main.storyboard */,
				DD587A97238AB1BF00BE0E30 /* Assets.xcassets */,
				DD587A99238AB1BF00BE0E30 /* LaunchScreen.storyboard */,
				DD587A9C238AB1BF00BE0E30 /* Info.plist */,
			);
			path = "Project 22. Detect-a-Beacon";
			sourceTree = "<group>";
		};
/* End PBXGroup section */

/* Begin PBXNativeTarget section */
		DD587A8A238AB1BE00BE0E30 /* Project 22. Detect-a-Beacon */ = {
			isa = PBXNativeTarget;
			buildConfigurationList = DD587A9F238AB1BF00BE0E30 /* Build configuration list for PBXNativeTarget "Project 22. Detect-a-Beacon" */;
			buildPhases = (
				DD587A87238AB1BE00BE0E30 /* Sources */,
				DD587A88238AB1BE00BE0E30 /* Frameworks */,
				DD587A89238AB1BE00BE0E30 /* Resources */,
			);
			buildRules = (
			);
			dependencies = (
			);
			name = "Project 22. Detect-a-Beacon";
			productName = "task22.Detect-a-Beacon";
			productReference = DD587A8B238AB1BE00BE0E30 /* Project 22. Detect-a-Beacon.app */;
			productType = "com.apple.product-type.application";
		};
/* End PBXNativeTarget section */

/* Begin PBXProject section */
		DD587A83238AB1BE00BE0E30 /* Project object */ = {
			isa = PBXProject;
			attributes = {
				LastSwiftUpdateCheck = 1120;
				LastUpgradeCheck = 1120;
				ORGANIZATIONNAME = "Eugene Ilyin";
				TargetAttributes = {
					DD587A8A238AB1BE00BE0E30 = {
						CreatedOnToolsVersion = 11.2.1;
					};
				};
			};
			buildConfigurationList = DD587A86238AB1BE00BE0E30 /* Build configuration list for PBXProject "Project 22. Detect-a-Beacon" */;
			compatibilityVersion = "Xcode 9.3";
			developmentRegion = en;
			hasScannedForEncodings = 0;
			knownRegions = (
				en,
				Base,
			);
			mainGroup = DD587A82238AB1BE00BE0E30;
			productRefGroup = DD587A8C238AB1BE00BE0E30 /* Products */;
			projectDirPath = "";
			projectRoot = "";
			targets = (
				DD587A8A238AB1BE00BE0E30 /* Project 22. Detect-a-Beacon */,
			);
		};
/* End PBXProject section */

/* Begin PBXResourcesBuildPhase section */
		DD587A89238AB1BE00BE0E30 /* Resources */ = {
			isa = PBXResourcesBuildPhase;
			buildActionMask = 2147483647;
			files = (
				DD587A9B238AB1BF00BE0E30 /* LaunchScreen.storyboard in Resources */,
				DD587A98238AB1BF00BE0E30 /* Assets.xcassets in Resources */,
				DD587A96238AB1BE00BE0E30 /* Main.storyboard in Resources */,
			);
			runOnlyForDeploymentPostprocessing = 0;
		};
/* End PBXResourcesBuildPhase section */

/* Begin PBXSourcesBuildPhase section */
		DD587A87238AB1BE00BE0E30 /* Sources */ = {
			isa = PBXSourcesBuildPhase;
			buildActionMask = 2147483647;
			files = (
				DD587A93238AB1BE00BE0E30 /* ViewController.swift in Sources */,
				DD587A8F238AB1BE00BE0E30 /* AppDelegate.swift in Sources */,
				DD587A91238AB1BE00BE0E30 /* SceneDelegate.swift in Sources */,
			);
			runOnlyForDeploymentPostprocessing = 0;
		};
/* End PBXSourcesBuildPhase section */

/* Begin PBXVariantGroup section */
		DD587A94238AB1BE00BE0E30 /* Main.storyboard */ = {
			isa = PBXVariantGroup;
			children = (
				DD587A95238AB1BE00BE0E30 /* Base */,
			);
			name = Main.storyboard;
			sourceTree = "<group>";
		};
		DD587A99238AB1BF00BE0E30 /* LaunchScreen.storyboard */ = {
			isa = PBXVariantGroup;
			children = (
				DD587A9A238AB1BF00BE0E30 /* Base */,
			);
			name = LaunchScreen.storyboard;
			sourceTree = "<group>";
		};
/* End PBXVariantGroup section */

/* Begin XCBuildConfiguration section */
		DD587A9D238AB1BF00BE0E30 /* Debug */ = {
			isa = XCBuildConfiguration;
			buildSettings = {
				ALWAYS_SEARCH_USER_PATHS = NO;
				CLANG_ANALYZER_NONNULL = YES;
				CLANG_ANALYZER_NUMBER_OBJECT_CONVERSION = YES_AGGRESSIVE;
				CLANG_CXX_LANGUAGE_STANDARD = "gnu++14";
				CLANG_CXX_LIBRARY = "libc++";
				CLANG_ENABLE_MODULES = YES;
				CLANG_ENABLE_OBJC_ARC = YES;
				CLANG_ENABLE_OBJC_WEAK = YES;
				CLANG_WARN_BLOCK_CAPTURE_AUTORELEASING = YES;
				CLANG_WARN_BOOL_CONVERSION = YES;
				CLANG_WARN_COMMA = YES;
				CLANG_WARN_CONSTANT_CONVERSION = YES;
				CLANG_WARN_DEPRECATED_OBJC_IMPLEMENTATIONS = YES;
				CLANG_WARN_DIRECT_OBJC_ISA_USAGE = YES_ERROR;
				CLANG_WARN_DOCUMENTATION_COMMENTS = YES;
				CLANG_WARN_EMPTY_BODY = YES;
				CLANG_WARN_ENUM_CONVERSION = YES;
				CLANG_WARN_INFINITE_RECURSION = YES;
				CLANG_WARN_INT_CONVERSION = YES;
				CLANG_WARN_NON_LITERAL_NULL_CONVERSION = YES;
				CLANG_WARN_OBJC_IMPLICIT_RETAIN_SELF = YES;
				CLANG_WARN_OBJC_LITERAL_CONVERSION = YES;
				CLANG_WARN_OBJC_ROOT_CLASS = YES_ERROR;
				CLANG_WARN_RANGE_LOOP_ANALYSIS = YES;
				CLANG_WARN_STRICT_PROTOTYPES = YES;
				CLANG_WARN_SUSPICIOUS_MOVE = YES;
				CLANG_WARN_UNGUARDED_AVAILABILITY = YES_AGGRESSIVE;
				CLANG_WARN_UNREACHABLE_CODE = YES;
				CLANG_WARN__DUPLICATE_METHOD_MATCH = YES;
				COPY_PHASE_STRIP = NO;
				DEBUG_INFORMATION_FORMAT = dwarf;
				ENABLE_STRICT_OBJC_MSGSEND = YES;
				ENABLE_TESTABILITY = YES;
				GCC_C_LANGUAGE_STANDARD = gnu11;
				GCC_DYNAMIC_NO_PIC = NO;
				GCC_NO_COMMON_BLOCKS = YES;
				GCC_OPTIMIZATION_LEVEL = 0;
				GCC_PREPROCESSOR_DEFINITIONS = (
					"DEBUG=1",
					"$(inherited)",
				);
				GCC_WARN_64_TO_32_BIT_CONVERSION = YES;
				GCC_WARN_ABOUT_RETURN_TYPE = YES_ERROR;
				GCC_WARN_UNDECLARED_SELECTOR = YES;
				GCC_WARN_UNINITIALIZED_AUTOS = YES_AGGRESSIVE;
				GCC_WARN_UNUSED_FUNCTION = YES;
				GCC_WARN_UNUSED_VARIABLE = YES;
				IPHONEOS_DEPLOYMENT_TARGET = 13.2;
				MTL_ENABLE_DEBUG_INFO = INCLUDE_SOURCE;
				MTL_FAST_MATH = YES;
				ONLY_ACTIVE_ARCH = YES;
				SDKROOT = iphoneos;
				SWIFT_ACTIVE_COMPILATION_CONDITIONS = DEBUG;
				SWIFT_OPTIMIZATION_LEVEL = "-Onone";
			};
			name = Debug;
		};
		DD587A9E238AB1BF00BE0E30 /* Release */ = {
			isa = XCBuildConfiguration;
			buildSettings = {
				ALWAYS_SEARCH_USER_PATHS = NO;
				CLANG_ANALYZER_NONNULL = YES;
				CLANG_ANALYZER_NUMBER_OBJECT_CONVERSION = YES_AGGRESSIVE;
				CLANG_CXX_LANGUAGE_STANDARD = "gnu++14";
				CLANG_CXX_LIBRARY = "libc++";
				CLANG_ENABLE_MODULES = YES;
				CLANG_ENABLE_OBJC_ARC = YES;
				CLANG_ENABLE_OBJC_WEAK = YES;
				CLANG_WARN_BLOCK_CAPTURE_AUTORELEASING = YES;
				CLANG_WARN_BOOL_CONVERSION = YES;
				CLANG_WARN_COMMA = YES;
				CLANG_WARN_CONSTANT_CONVERSION = YES;
				CLANG_WARN_DEPRECATED_OBJC_IMPLEMENTATIONS = YES;
				CLANG_WARN_DIRECT_OBJC_ISA_USAGE = YES_ERROR;
				CLANG_WARN_DOCUMENTATION_COMMENTS = YES;
				CLANG_WARN_EMPTY_BODY = YES;
				CLANG_WARN_ENUM_CONVERSION = YES;
				CLANG_WARN_INFINITE_RECURSION = YES;
				CLANG_WARN_INT_CONVERSION = YES;
				CLANG_WARN_NON_LITERAL_NULL_CONVERSION = YES;
				CLANG_WARN_OBJC_IMPLICIT_RETAIN_SELF = YES;
				CLANG_WARN_OBJC_LITERAL_CONVERSION = YES;
				CLANG_WARN_OBJC_ROOT_CLASS = YES_ERROR;
				CLANG_WARN_RANGE_LOOP_ANALYSIS = YES;
				CLANG_WARN_STRICT_PROTOTYPES = YES;
				CLANG_WARN_SUSPICIOUS_MOVE = YES;
				CLANG_WARN_UNGUARDED_AVAILABILITY = YES_AGGRESSIVE;
				CLANG_WARN_UNREACHABLE_CODE = YES;
				CLANG_WARN__DUPLICATE_METHOD_MATCH = YES;
				COPY_PHASE_STRIP = NO;
				DEBUG_INFORMATION_FORMAT = "dwarf-with-dsym";
				ENABLE_NS_ASSERTIONS = NO;
				ENABLE_STRICT_OBJC_MSGSEND = YES;
				GCC_C_LANGUAGE_STANDARD = gnu11;
				GCC_NO_COMMON_BLOCKS = YES;
				GCC_WARN_64_TO_32_BIT_CONVERSION = YES;
				GCC_WARN_ABOUT_RETURN_TYPE = YES_ERROR;
				GCC_WARN_UNDECLARED_SELECTOR = YES;
				GCC_WARN_UNINITIALIZED_AUTOS = YES_AGGRESSIVE;
				GCC_WARN_UNUSED_FUNCTION = YES;
				GCC_WARN_UNUSED_VARIABLE = YES;
				IPHONEOS_DEPLOYMENT_TARGET = 13.2;
				MTL_ENABLE_DEBUG_INFO = NO;
				MTL_FAST_MATH = YES;
				SDKROOT = iphoneos;
				SWIFT_COMPILATION_MODE = wholemodule;
				SWIFT_OPTIMIZATION_LEVEL = "-O";
				VALIDATE_PRODUCT = YES;
			};
			name = Release;
		};
		DD587AA0238AB1BF00BE0E30 /* Debug */ = {
			isa = XCBuildConfiguration;
			buildSettings = {
				ASSETCATALOG_COMPILER_APPICON_NAME = AppIcon;
				CODE_SIGN_STYLE = Automatic;
				DEVELOPMENT_TEAM = QZTJ8W8QRE;
				INFOPLIST_FILE = "$(SRCROOT)/Project 22. Detect-a-Beacon/Info.plist";
				LD_RUNPATH_SEARCH_PATHS = (
					"$(inherited)",
					"@executable_path/Frameworks",
				);
				PRODUCT_BUNDLE_IDENTIFIER = "un0dvend1g.Project-22.-Detect-a-Beacon";
				PRODUCT_NAME = "$(TARGET_NAME)";
				SWIFT_VERSION = 5.0;
				TARGETED_DEVICE_FAMILY = "1,2";
			};
			name = Debug;
		};
		DD587AA1238AB1BF00BE0E30 /* Release */ = {
			isa = XCBuildConfiguration;
			buildSettings = {
				ASSETCATALOG_COMPILER_APPICON_NAME = AppIcon;
				CODE_SIGN_STYLE = Automatic;
				DEVELOPMENT_TEAM = QZTJ8W8QRE;
				INFOPLIST_FILE = "$(SRCROOT)/Project 22. Detect-a-Beacon/Info.plist";
				LD_RUNPATH_SEARCH_PATHS = (
					"$(inherited)",
					"@executable_path/Frameworks",
				);
				PRODUCT_BUNDLE_IDENTIFIER = "un0dvend1g.Project-22.-Detect-a-Beacon";
				PRODUCT_NAME = "$(TARGET_NAME)";
				SWIFT_VERSION = 5.0;
				TARGETED_DEVICE_FAMILY = "1,2";
			};
			name = Release;
		};
/* End XCBuildConfiguration section */

/* Begin XCConfigurationList section */
		DD587A86238AB1BE00BE0E30 /* Build configuration list for PBXProject "Project 22. Detect-a-Beacon" */ = {
			isa = XCConfigurationList;
			buildConfigurations = (
				DD587A9D238AB1BF00BE0E30 /* Debug */,
				DD587A9E238AB1BF00BE0E30 /* Release */,
			);
			defaultConfigurationIsVisible = 0;
			defaultConfigurationName = Release;
		};
		DD587A9F238AB1BF00BE0E30 /* Build configuration list for PBXNativeTarget "Project 22. Detect-a-Beacon" */ = {
			isa = XCConfigurationList;
			buildConfigurations = (
				DD587AA0238AB1BF00BE0E30 /* Debug */,
				DD587AA1238AB1BF00BE0E30 /* Release */,
			);
			defaultConfigurationIsVisible = 0;
			defaultConfigurationName = Release;
		};
/* End XCConfigurationList section */
	};
	rootObject = DD587A83238AB1BE00BE0E30 /* Project object */;
}
